// !$*UTF8*$!
{
	archiveVersion = 1;
	classes = {
	};
	objectVersion = 46;
	objects = {

/* Begin PBXBuildFile section */
		33868D391DD3FC68009D867D /* main.m in Sources */ = {isa = PBXBuildFile; fileRef = 33868D381DD3FC68009D867D /* main.m */; };
		33868D3C1DD3FC68009D867D /* AppDelegate.m in Sources */ = {isa = PBXBuildFile; fileRef = 33868D3B1DD3FC68009D867D /* AppDelegate.m */; };
		33868D3F1DD3FC68009D867D /* ViewController.m in Sources */ = {isa = PBXBuildFile; fileRef = 33868D3E1DD3FC68009D867D /* ViewController.m */; };
		33868D421DD3FC68009D867D /* Main.storyboard in Resources */ = {isa = PBXBuildFile; fileRef = 33868D401DD3FC68009D867D /* Main.storyboard */; };
		33868D441DD3FC68009D867D /* Assets.xcassets in Resources */ = {isa = PBXBuildFile; fileRef = 33868D431DD3FC68009D867D /* Assets.xcassets */; };
		33868D471DD3FC68009D867D /* LaunchScreen.storyboard in Resources */ = {isa = PBXBuildFile; fileRef = 33868D451DD3FC68009D867D /* LaunchScreen.storyboard */; };
/* End PBXBuildFile section */

/* Begin PBXFileReference section */
		33868D341DD3FC68009D867D /* FengjieDemo.app */ = {isa = PBXFileReference; explicitFileType = wrapper.application; includeInIndex = 0; path = FengjieDemo.app; sourceTree = BUILT_PRODUCTS_DIR; };
		33868D381DD3FC68009D867D /* main.m */ = {isa = PBXFileReference; lastKnownFileType = sourcecode.c.objc; path = main.m; sourceTree = "<group>"; };
		33868D3A1DD3FC68009D867D /* AppDelegate.h */ = {isa = PBXFileReference; lastKnownFileType = sourcecode.c.h; path = AppDelegate.h; sourceTree = "<group>"; };
		33868D3B1DD3FC68009D867D /* AppDelegate.m */ = {isa = PBXFileReference; lastKnownFileType = sourcecode.c.objc; path = AppDelegate.m; sourceTree = "<group>"; };
		33868D3D1DD3FC68009D867D /* ViewController.h */ = {isa = PBXFileReference; lastKnownFileType = sourcecode.c.h; path = ViewController.h; sourceTree = "<group>"; };
		33868D3E1DD3FC68009D867D /* ViewController.m */ = {isa = PBXFileReference; lastKnownFileType = sourcecode.c.objc; path = ViewController.m; sourceTree = "<group>"; };
		33868D411DD3FC68009D867D /* Base */ = {isa = PBXFileReference; lastKnownFileType = file.storyboard; name = Base; path = Base.lproj/Main.storyboard; sourceTree = "<group>"; };
		33868D431DD3FC68009D867D /* Assets.xcassets */ = {isa = PBXFileReference; lastKnownFileType = folder.assetcatalog; path = Assets.xcassets; sourceTree = "<group>"; };
		33868D461DD3FC68009D867D /* Base */ = {isa = PBXFileReference; lastKnownFileType = file.storyboard; name = Base; path = Base.lproj/LaunchScreen.storyboard; sourceTree = "<group>"; };
		33868D481DD3FC68009D867D /* Info.plist */ = {isa = PBXFileReference; lastKnownFileType = text.plist.xml; path = Info.plist; sourceTree = "<group>"; };
/* End PBXFileReference section */

/* Begin PBXFrameworksBuildPhase section */
		33868D311DD3FC68009D867D /* Frameworks */ = {
			isa = PBXFrameworksBuildPhase;
			buildActionMask = 2147483647;
			files = (
			);
			runOnlyForDeploymentPostprocessing = 0;
		};
/* End PBXFrameworksBuildPhase section */

/* Begin PBXGroup section */
		33868D2B1DD3FC68009D867D = {
			isa = PBXGroup;
			children = (
				33868D361DD3FC68009D867D /* FengjieDemo */,
				33868D351DD3FC68009D867D /* Products */,
			);
			sourceTree = "<group>";
		};
		33868D351DD3FC68009D867D /* Products */ = {
			isa = PBXGroup;
			children = (
				33868D341DD3FC68009D867D /* FengjieDemo.app */,
			);
			name = Products;
			sourceTree = "<group>";
		};
		33868D361DD3FC68009D867D /* FengjieDemo */ = {
			isa = PBXGroup;
			children = (
				33868D3A1DD3FC68009D867D /* AppDelegate.h */,
				33868D3B1DD3FC68009D867D /* AppDelegate.m */,
				33868D3D1DD3FC68009D867D /* ViewController.h */,
				33868D3E1DD3FC68009D867D /* ViewController.m */,
				33868D401DD3FC68009D867D /* Main.storyboard */,
				33868D431DD3FC68009D867D /* Assets.xcassets */,
				33868D451DD3FC68009D867D /* LaunchScreen.storyboard */,
				33868D481DD3FC68009D867D /* Info.plist */,
				33868D371DD3FC68009D867D /* Supporting Files */,
			);
			path = FengjieDemo;
			sourceTree = "<group>";
		};
		33868D371DD3FC68009D867D /* Supporting Files */ = {
			isa = PBXGroup;
			children = (
				33868D381DD3FC68009D867D /* main.m */,
			);
			name = "Supporting Files";
			sourceTree = "<group>";
		};
/* End PBXGroup section */

/* Begin PBXNativeTarget section */
		33868D331DD3FC68009D867D /* FengjieDemo */ = {
			isa = PBXNativeTarget;
			buildConfigurationList = 33868D4B1DD3FC68009D867D /* Build configuration list for PBXNativeTarget "FengjieDemo" */;
			buildPhases = (
				33868D301DD3FC68009D867D /* Sources */,
				33868D311DD3FC68009D867D /* Frameworks */,
				33868D321DD3FC68009D867D /* Resources */,
			);
			buildRules = (
			);
			dependencies = (
			);
			name = FengjieDemo;
			productName = FengjieDemo;
			productReference = 33868D341DD3FC68009D867D /* FengjieDemo.app */;
			productType = "com.apple.product-type.application";
		};
/* End PBXNativeTarget section */

/* Begin PBXProject section */
		33868D2C1DD3FC68009D867D /* Project object */ = {
			isa = PBXProject;
			attributes = {
				LastUpgradeCheck = 0810;
				ORGANIZATIONNAME = FengJie;
				TargetAttributes = {
					33868D331DD3FC68009D867D = {
						CreatedOnToolsVersion = 8.1;
						ProvisioningStyle = Automatic;
					};
				};
			};
			buildConfigurationList = 33868D2F1DD3FC68009D867D /* Build configuration list for PBXProject "FengjieDemo" */;
			compatibilityVersion = "Xcode 3.2";
			developmentRegion = English;
			hasScannedForEncodings = 0;
			knownRegions = (
				en,
				Base,
			);
			mainGroup = 33868D2B1DD3FC68009D867D;
			productRefGroup = 33868D351DD3FC68009D867D /* Products */;
			projectDirPath = "";
			projectRoot = "";
			targets = (
				33868D331DD3FC68009D867D /* FengjieDemo */,
			);
		};
/* End PBXProject section */

/* Begin PBXResourcesBuildPhase section */
		33868D321DD3FC68009D867D /* Resources */ = {
			isa = PBXResourcesBuildPhase;
			buildActionMask = 2147483647;
			files = (
				33868D471DD3FC68009D867D /* LaunchScreen.storyboard in Resources */,
				33868D441DD3FC68009D867D /* Assets.xcassets in Resources */,
				33868D421DD3FC68009D867D /* Main.storyboard in Resources */,
			);
			runOnlyForDeploymentPostprocessing = 0;
		};
/* End PBXResourcesBuildPhase section */

/* Begin PBXSourcesBuildPhase section */
		33868D301DD3FC68009D867D /* Sources */ = {
			isa = PBXSourcesBuildPhase;
			buildActionMask = 2147483647;
			files = (
				33868D3F1DD3FC68009D867D /* ViewController.m in Sources */,
				33868D3C1DD3FC68009D867D /* AppDelegate.m in Sources */,
				33868D391DD3FC68009D867D /* main.m in Sources */,
			);
			runOnlyForDeploymentPostprocessing = 0;
		};
/* End PBXSourcesBuildPhase section */

/* Begin PBXVariantGroup section */
		33868D401DD3FC68009D867D /* Main.storyboard */ = {
			isa = PBXVariantGroup;
			children = (
				33868D411DD3FC68009D867D /* Base */,
			);
			name = Main.storyboard;
			sourceTree = "<group>";
		};
		33868D451DD3FC68009D867D /* LaunchScreen.storyboard */ = {
			isa = PBXVariantGroup;
			children = (
				33868D461DD3FC68009D867D /* Base */,
			);
			name = LaunchScreen.storyboard;
			sourceTree = "<group>";
		};
/* End PBXVariantGroup section */

/* Begin XCBuildConfiguration section */
		33868D491DD3FC68009D867D /* Debug */ = {
			isa = XCBuildConfiguration;
			buildSettings = {
				ALWAYS_SEARCH_USER_PATHS = NO;
				CLANG_ANALYZER_NONNULL = YES;
				CLANG_CXX_LANGUAGE_STANDARD = "gnu++0x";
				CLANG_CXX_LIBRARY = "libc++";
				CLANG_ENABLE_MODULES = YES;
				CLANG_ENABLE_OBJC_ARC = YES;
				CLANG_WARN_BOOL_CONVERSION = YES;
				CLANG_WARN_CONSTANT_CONVERSION = YES;
				CLANG_WARN_DIRECT_OBJC_ISA_USAGE = YES_ERROR;
				CLANG_WARN_DOCUMENTATION_COMMENTS = YES;
				CLANG_WARN_EMPTY_BODY = YES;
				CLANG_WARN_ENUM_CONVERSION = YES;
				CLANG_WARN_INFINITE_RECURSION = YES;
				CLANG_WARN_INT_CONVERSION = YES;
				CLANG_WARN_OBJC_ROOT_CLASS = YES_ERROR;
				CLANG_WARN_SUSPICIOUS_MOVES = YES;
				CLANG_WARN_UNREACHABLE_CODE = YES;
				CLANG_WARN__DUPLICATE_METHOD_MATCH = YES;
				"CODE_SIGN_IDENTITY[sdk=iphoneos*]" = "iPhone Developer";
				COPY_PHASE_STRIP = NO;
				DEBUG_INFORMATION_FORMAT = dwarf;
				ENABLE_STRICT_OBJC_MSGSEND = YES;
				ENABLE_TESTABILITY = YES;
				GCC_C_LANGUAGE_STANDARD = gnu99;
				GCC_DYNAMIC_NO_PIC = NO;
				GCC_NO_COMMON_BLOCKS = YES;
				GCC_OPTIMIZATION_LEVEL = 0;
				GCC_PREPROCESSOR_DEFINITIONS = (
					"DEBUG=1",
					"$(inherited)",
				);
				GCC_WARN_64_TO_32_BIT_CONVERSION = YES;
				GCC_WARN_ABOUT_RETURN_TYPE = YES_ERROR;
				GCC_WARN_UNDECLARED_SELECTOR = YES;
				GCC_WARN_UNINITIALIZED_AUTOS = YES_AGGRESSIVE;
				GCC_WARN_UNUSED_FUNCTION = YES;
				GCC_WARN_UNUSED_VARIABLE = YES;
				IPHONEOS_DEPLOYMENT_TARGET = 10.1;
				MTL_ENABLE_DEBUG_INFO = YES;
				ONLY_ACTIVE_ARCH = YES;
				SDKROOT = iphoneos;
			};
			name = Debug;
		};
		33868D4A1DD3FC68009D867D /* Release */ = {
			isa = XCBuildConfiguration;
			buildSettings = {
				ALWAYS_SEARCH_USER_PATHS = NO;
				CLANG_ANALYZER_NONNULL = YES;
				CLANG_CXX_LANGUAGE_STANDARD = "gnu++0x";
				CLANG_CXX_LIBRARY = "libc++";
				CLANG_ENABLE_MODULES = YES;
				CLANG_ENABLE_OBJC_ARC = YES;
				CLANG_WARN_BOOL_CONVERSION = YES;
				CLANG_WARN_CONSTANT_CONVERSION = YES;
				CLANG_WARN_DIRECT_OBJC_ISA_USAGE = YES_ERROR;
				CLANG_WARN_DOCUMENTATION_COMMENTS = YES;
				CLANG_WARN_EMPTY_BODY = YES;
				CLANG_WARN_ENUM_CONVERSION = YES;
				CLANG_WARN_INFINITE_RECURSION = YES;
				CLANG_WARN_INT_CONVERSION = YES;
				CLANG_WARN_OBJC_ROOT_CLASS = YES_ERROR;
				CLANG_WARN_SUSPICIOUS_MOVES = YES;
				CLANG_WARN_UNREACHABLE_CODE = YES;
				CLANG_WARN__DUPLICATE_METHOD_MATCH = YES;
				"CODE_SIGN_IDENTITY[sdk=iphoneos*]" = "iPhone Developer";
				COPY_PHASE_STRIP = NO;
				DEBUG_INFORMATION_FORMAT = "dwarf-with-dsym";
				ENABLE_NS_ASSERTIONS = NO;
				ENABLE_STRICT_OBJC_MSGSEND = YES;
				GCC_C_LANGUAGE_STANDARD = gnu99;
				GCC_NO_COMMON_BLOCKS = YES;
				GCC_WARN_64_TO_32_BIT_CONVERSION = YES;
				GCC_WARN_ABOUT_RETURN_TYPE = YES_ERROR;
				GCC_WARN_UNDECLARED_SELECTOR = YES;
				GCC_WARN_UNINITIALIZED_AUTOS = YES_AGGRESSIVE;
				GCC_WARN_UNUSED_FUNCTION = YES;
				GCC_WARN_UNUSED_VARIABLE = YES;
				IPHONEOS_DEPLOYMENT_TARGET = 10.1;
				MTL_ENABLE_DEBUG_INFO = NO;
				SDKROOT = iphoneos;
				VALIDATE_PRODUCT = YES;
			};
			name = Release;
		};
		33868D4C1DD3FC68009D867D /* Debug */ = {
			isa = XCBuildConfiguration;
			buildSettings = {
				ASSETCATALOG_COMPILER_APPICON_NAME = AppIcon;
				INFOPLIST_FILE = FengjieDemo/Info.plist;
				LD_RUNPATH_SEARCH_PATHS = "$(inherited) @executable_path/Frameworks";
				PRODUCT_BUNDLE_IDENTIFIER = com.fengjie.development.FengjieDemo;
				PRODUCT_NAME = "$(TARGET_NAME)";
			};
			name = Debug;
		};
		33868D4D1DD3FC68009D867D /* Release */ = {
			isa = XCBuildConfiguration;
			buildSettings = {
				ASSETCATALOG_COMPILER_APPICON_NAME = AppIcon;
				INFOPLIST_FILE = FengjieDemo/Info.plist;
				LD_RUNPATH_SEARCH_PATHS = "$(inherited) @executable_path/Frameworks";
				PRODUCT_BUNDLE_IDENTIFIER = com.fengjie.development.FengjieDemo;
				PRODUCT_NAME = "$(TARGET_NAME)";
			};
			name = Release;
		};
/* End XCBuildConfiguration section */

/* Begin XCConfigurationList section */
		33868D2F1DD3FC68009D867D /* Build configuration list for PBXProject "FengjieDemo" */ = {
			isa = XCConfigurationList;
			buildConfigurations = (
				33868D491DD3FC68009D867D /* Debug */,
				33868D4A1DD3FC68009D867D /* Release */,
			);
			defaultConfigurationIsVisible = 0;
			defaultConfigurationName = Release;
		};
		33868D4B1DD3FC68009D867D /* Build configuration list for PBXNativeTarget "FengjieDemo" */ = {
			isa = XCConfigurationList;
			buildConfigurations = (
				33868D4C1DD3FC68009D867D /* Debug */,
				33868D4D1DD3FC68009D867D /* Release */,
			);
			defaultConfigurationIsVisible = 0;
		};
/* End XCConfigurationList section */
	};
	rootObject = 33868D2C1DD3FC68009D867D /* Project object */;
}
